# This file is automatically @generated by Wally.
# It is not intended for manual editing.
registry = "test"

[[package]]
name = "rbxts-libraries/rbxts-debris"
version = "0.1.0"
dependencies = [["Debris", "robloxiandemo/debris@0.1.0"]]

[[package]]
name = "robloxiandemo/debris"
version = "0.1.0"
dependencies = []
